
Microsoft Visual Studio Solution File, Format Version 12.00
# Visual Studio Version 17
VisualStudioVersion = 17.7.34221.43
MinimumVisualStudioVersion = 10.0.40219.1
Project("{FAE04EC0-301F-11D3-BF4B-00C04F79EFBC}") = "Blazor.Contacts.Wasm.Server", "Blazor.Contacts.Wasm\Server\Blazor.Contacts.Wasm.Server.csproj", "{BA6B8A20-7E4D-4B99-8CCF-1819DCA47B7F}"
EndProject
Project("{FAE04EC0-301F-11D3-BF4B-00C04F79EFBC}") = "Blazor.Contacts.Wasm.Client", "Blazor.Contacts.Wasm\Client\Blazor.Contacts.Wasm.Client.csproj", "{BF9A76E5-98DE-478E-BBF8-7F1CA6BB63F8}"
EndProject
Project("{FAE04EC0-301F-11D3-BF4B-00C04F79EFBC}") = "Blazor.Contacts.Wasm.Shared", "Blazor.Contacts.Wasm\Shared\Blazor.Contacts.Wasm.Shared.csproj", "{03EC2989-8075-4CBF-B415-E642813C41B4}"
EndProject
Project("{FAE04EC0-301F-11D3-BF4B-00C04F79EFBC}") = "Blazor.Contacts.Wasm.Repositories", "Blazor.Contacts.Wasm.Repositories\Blazor.Contacts.Wasm.Repositories.csproj", "{AB8BFE3A-75A7-46EF-96B2-84528C495210}"
EndProject
Global
	GlobalSection(SolutionConfigurationPlatforms) = preSolution
		Debug|Any CPU = Debug|Any CPU
		Release|Any CPU = Release|Any CPU
	EndGlobalSection
	GlobalSection(ProjectConfigurationPlatforms) = postSolution
		{BA6B8A20-7E4D-4B99-8CCF-1819DCA47B7F}.Debug|Any CPU.ActiveCfg = Debug|Any CPU
		{BA6B8A20-7E4D-4B99-8CCF-1819DCA47B7F}.Debug|Any CPU.Build.0 = Debug|Any CPU
		{BA6B8A20-7E4D-4B99-8CCF-1819DCA47B7F}.Release|Any CPU.ActiveCfg = Release|Any CPU
		{BA6B8A20-7E4D-4B99-8CCF-1819DCA47B7F}.Release|Any CPU.Build.0 = Release|Any CPU
		{BF9A76E5-98DE-478E-BBF8-7F1CA6BB63F8}.Debug|Any CPU.ActiveCfg = Debug|Any CPU
		{BF9A76E5-98DE-478E-BBF8-7F1CA6BB63F8}.Debug|Any CPU.Build.0 = Debug|Any CPU
		{BF9A76E5-98DE-478E-BBF8-7F1CA6BB63F8}.Release|Any CPU.ActiveCfg = Release|Any CPU
		{BF9A76E5-98DE-478E-BBF8-7F1CA6BB63F8}.Release|Any CPU.Build.0 = Release|Any CPU
		{03EC2989-8075-4CBF-B415-E642813C41B4}.Debug|Any CPU.ActiveCfg = Debug|Any CPU
		{03EC2989-8075-4CBF-B415-E642813C41B4}.Debug|Any CPU.Build.0 = Debug|Any CPU
		{03EC2989-8075-4CBF-B415-E642813C41B4}.Release|Any CPU.ActiveCfg = Release|Any CPU
		{03EC2989-8075-4CBF-B415-E642813C41B4}.Release|Any CPU.Build.0 = Release|Any CPU
		{AB8BFE3A-75A7-46EF-96B2-84528C495210}.Debug|Any CPU.ActiveCfg = Debug|Any CPU
		{AB8BFE3A-75A7-46EF-96B2-84528C495210}.Debug|Any CPU.Build.0 = Debug|Any CPU
		{AB8BFE3A-75A7-46EF-96B2-84528C495210}.Release|Any CPU.ActiveCfg = Release|Any CPU
		{AB8BFE3A-75A7-46EF-96B2-84528C495210}.Release|Any CPU.Build.0 = Release|Any CPU
	EndGlobalSection
	GlobalSection(SolutionProperties) = preSolution
		HideSolutionNode = FALSE
	EndGlobalSection
	GlobalSection(ExtensibilityGlobals) = postSolution
		SolutionGuid = {BC76B74E-80B4-416C-BFA0-D53FD0E80BCD}
	EndGlobalSection
EndGlobal
